
Microsoft Visual Studio Solution File, Format Version 12.00
# Visual Studio 15
VisualStudioVersion = 15.0.26124.0
MinimumVisualStudioVersion = 15.0.26124.0
Project("{FAE04EC0-301F-11D3-BF4B-00C04F79EFBC}") = "MonitorDeks.Data", "MonitorDeks.Data\MonitorDeks.Data.csproj", "{DEF57860-8530-4F68-9256-1845F6016C83}"
EndProject
Project("{FAE04EC0-301F-11D3-BF4B-00C04F79EFBC}") = "MonitorDeks.Services", "MonitorDeks.Services\MonitorDeks.Services.csproj", "{5F3A8D2E-688C-4C40-B064-3F619DB74A04}"
EndProject
Project("{FAE04EC0-301F-11D3-BF4B-00C04F79EFBC}") = "MonitorDeks.Test", "MonitorDeks.Test\MonitorDeks.Test.csproj", "{D9DCD71F-97DD-487F-8E47-EDFE8252CCA5}"
EndProject
Project("{FAE04EC0-301F-11D3-BF4B-00C04F79EFBC}") = "MonitorDeks.Web", "MonitorDeks.Web\MonitorDeks.Web.csproj", "{B8A645D6-A384-4F70-B895-EEC2CDB25033}"
EndProject
Global
	GlobalSection(SolutionConfigurationPlatforms) = preSolution
		Debug|Any CPU = Debug|Any CPU
		Debug|x64 = Debug|x64
		Debug|x86 = Debug|x86
		Release|Any CPU = Release|Any CPU
		Release|x64 = Release|x64
		Release|x86 = Release|x86
	EndGlobalSection
	GlobalSection(SolutionProperties) = preSolution
		HideSolutionNode = FALSE
	EndGlobalSection
	GlobalSection(ProjectConfigurationPlatforms) = postSolution
		{DEF57860-8530-4F68-9256-1845F6016C83}.Debug|Any CPU.ActiveCfg = Debug|Any CPU
		{DEF57860-8530-4F68-9256-1845F6016C83}.Debug|Any CPU.Build.0 = Debug|Any CPU
		{DEF57860-8530-4F68-9256-1845F6016C83}.Debug|x64.ActiveCfg = Debug|Any CPU
		{DEF57860-8530-4F68-9256-1845F6016C83}.Debug|x64.Build.0 = Debug|Any CPU
		{DEF57860-8530-4F68-9256-1845F6016C83}.Debug|x86.ActiveCfg = Debug|Any CPU
		{DEF57860-8530-4F68-9256-1845F6016C83}.Debug|x86.Build.0 = Debug|Any CPU
		{DEF57860-8530-4F68-9256-1845F6016C83}.Release|Any CPU.ActiveCfg = Release|Any CPU
		{DEF57860-8530-4F68-9256-1845F6016C83}.Release|Any CPU.Build.0 = Release|Any CPU
		{DEF57860-8530-4F68-9256-1845F6016C83}.Release|x64.ActiveCfg = Release|Any CPU
		{DEF57860-8530-4F68-9256-1845F6016C83}.Release|x64.Build.0 = Release|Any CPU
		{DEF57860-8530-4F68-9256-1845F6016C83}.Release|x86.ActiveCfg = Release|Any CPU
		{DEF57860-8530-4F68-9256-1845F6016C83}.Release|x86.Build.0 = Release|Any CPU
		{5F3A8D2E-688C-4C40-B064-3F619DB74A04}.Debug|Any CPU.ActiveCfg = Debug|Any CPU
		{5F3A8D2E-688C-4C40-B064-3F619DB74A04}.Debug|Any CPU.Build.0 = Debug|Any CPU
		{5F3A8D2E-688C-4C40-B064-3F619DB74A04}.Debug|x64.ActiveCfg = Debug|Any CPU
		{5F3A8D2E-688C-4C40-B064-3F619DB74A04}.Debug|x64.Build.0 = Debug|Any CPU
		{5F3A8D2E-688C-4C40-B064-3F619DB74A04}.Debug|x86.ActiveCfg = Debug|Any CPU
		{5F3A8D2E-688C-4C40-B064-3F619DB74A04}.Debug|x86.Build.0 = Debug|Any CPU
		{5F3A8D2E-688C-4C40-B064-3F619DB74A04}.Release|Any CPU.ActiveCfg = Release|Any CPU
		{5F3A8D2E-688C-4C40-B064-3F619DB74A04}.Release|Any CPU.Build.0 = Release|Any CPU
		{5F3A8D2E-688C-4C40-B064-3F619DB74A04}.Release|x64.ActiveCfg = Release|Any CPU
		{5F3A8D2E-688C-4C40-B064-3F619DB74A04}.Release|x64.Build.0 = Release|Any CPU
		{5F3A8D2E-688C-4C40-B064-3F619DB74A04}.Release|x86.ActiveCfg = Release|Any CPU
		{5F3A8D2E-688C-4C40-B064-3F619DB74A04}.Release|x86.Build.0 = Release|Any CPU
		{D9DCD71F-97DD-487F-8E47-EDFE8252CCA5}.Debug|Any CPU.ActiveCfg = Debug|Any CPU
		{D9DCD71F-97DD-487F-8E47-EDFE8252CCA5}.Debug|Any CPU.Build.0 = Debug|Any CPU
		{D9DCD71F-97DD-487F-8E47-EDFE8252CCA5}.Debug|x64.ActiveCfg = Debug|Any CPU
		{D9DCD71F-97DD-487F-8E47-EDFE8252CCA5}.Debug|x64.Build.0 = Debug|Any CPU
		{D9DCD71F-97DD-487F-8E47-EDFE8252CCA5}.Debug|x86.ActiveCfg = Debug|Any CPU
		{D9DCD71F-97DD-487F-8E47-EDFE8252CCA5}.Debug|x86.Build.0 = Debug|Any CPU
		{D9DCD71F-97DD-487F-8E47-EDFE8252CCA5}.Release|Any CPU.ActiveCfg = Release|Any CPU
		{D9DCD71F-97DD-487F-8E47-EDFE8252CCA5}.Release|Any CPU.Build.0 = Release|Any CPU
		{D9DCD71F-97DD-487F-8E47-EDFE8252CCA5}.Release|x64.ActiveCfg = Release|Any CPU
		{D9DCD71F-97DD-487F-8E47-EDFE8252CCA5}.Release|x64.Build.0 = Release|Any CPU
		{D9DCD71F-97DD-487F-8E47-EDFE8252CCA5}.Release|x86.ActiveCfg = Release|Any CPU
		{D9DCD71F-97DD-487F-8E47-EDFE8252CCA5}.Release|x86.Build.0 = Release|Any CPU
		{B8A645D6-A384-4F70-B895-EEC2CDB25033}.Debug|Any CPU.ActiveCfg = Debug|Any CPU
		{B8A645D6-A384-4F70-B895-EEC2CDB25033}.Debug|Any CPU.Build.0 = Debug|Any CPU
		{B8A645D6-A384-4F70-B895-EEC2CDB25033}.Debug|x64.ActiveCfg = Debug|Any CPU
		{B8A645D6-A384-4F70-B895-EEC2CDB25033}.Debug|x64.Build.0 = Debug|Any CPU
		{B8A645D6-A384-4F70-B895-EEC2CDB25033}.Debug|x86.ActiveCfg = Debug|Any CPU
		{B8A645D6-A384-4F70-B895-EEC2CDB25033}.Debug|x86.Build.0 = Debug|Any CPU
		{B8A645D6-A384-4F70-B895-EEC2CDB25033}.Release|Any CPU.ActiveCfg = Release|Any CPU
		{B8A645D6-A384-4F70-B895-EEC2CDB25033}.Release|Any CPU.Build.0 = Release|Any CPU
		{B8A645D6-A384-4F70-B895-EEC2CDB25033}.Release|x64.ActiveCfg = Release|Any CPU
		{B8A645D6-A384-4F70-B895-EEC2CDB25033}.Release|x64.Build.0 = Release|Any CPU
		{B8A645D6-A384-4F70-B895-EEC2CDB25033}.Release|x86.ActiveCfg = Release|Any CPU
		{B8A645D6-A384-4F70-B895-EEC2CDB25033}.Release|x86.Build.0 = Release|Any CPU
	EndGlobalSection
EndGlobal
